
Microsoft Visual Studio Solution File, Format Version 12.00
# Visual Studio Version 17
VisualStudioVersion = 17.7.34202.233
MinimumVisualStudioVersion = 10.0.40219.1
Project("{FAE04EC0-301F-11D3-BF4B-00C04F79EFBC}") = "text1", "text1\text1.csproj", "{7740B171-8607-455D-9A2A-B44B7999AF17}"
EndProject
Global
	GlobalSection(SolutionConfigurationPlatforms) = preSolution
		Debug|Any CPU = Debug|Any CPU
		Release|Any CPU = Release|Any CPU
	EndGlobalSection
	GlobalSection(ProjectConfigurationPlatforms) = postSolution
		{7740B171-8607-455D-9A2A-B44B7999AF17}.Debug|Any CPU.ActiveCfg = Debug|Any CPU
		{7740B171-8607-455D-9A2A-B44B7999AF17}.Debug|Any CPU.Build.0 = Debug|Any CPU
		{7740B171-8607-455D-9A2A-B44B7999AF17}.Release|Any CPU.ActiveCfg = Release|Any CPU
		{7740B171-8607-455D-9A2A-B44B7999AF17}.Release|Any CPU.Build.0 = Release|Any CPU
	EndGlobalSection
	GlobalSection(SolutionProperties) = preSolution
		HideSolutionNode = FALSE
	EndGlobalSection
	GlobalSection(ExtensibilityGlobals) = postSolution
		SolutionGuid = {21D0A590-3F65-4839-8B00-84CDA5B26C86}
	EndGlobalSection
EndGlobal
